
Microsoft Visual Studio Solution File, Format Version 12.00
# Visual Studio Version 17
VisualStudioVersion = 17.9.34728.123
MinimumVisualStudioVersion = 10.0.40219.1
Project("{2150E333-8FDC-42A3-9474-1A3956D46DE8}") = "1.UI", "1.UI", "{9F195019-63D2-45DD-8DE9-55EFF3FBF8F1}"
EndProject
Project("{9A19103F-16F7-4668-BE54-9A1E7A4F7556}") = "WINFRMCSNET8", "SRC\1.UI\WINFRMCSNET8\WINFRMCSNET8.csproj", "{191FE6BE-499C-4B3C-87A6-303B201712D5}"
EndProject
Project("{FAE04EC0-301F-11D3-BF4B-00C04F79EFBC}") = "WINFRMCSNET7", "SRC\1.UI\WINFRMCSNET7\WINFRMCSNET7.csproj", "{A28A09D4-E694-4F20-B7EC-7F4137969667}"
EndProject
Project("{FAE04EC0-301F-11D3-BF4B-00C04F79EFBC}") = "WINFRMCSNET6", "SRC\1.UI\WINFRMCSNET6\WINFRMCSNET6.csproj", "{B73376BE-FF25-480A-BB19-2DEE882EF18E}"
EndProject
Project("{FAE04EC0-301F-11D3-BF4B-00C04F79EFBC}") = "WINFRMCSNET472", "SRC\1.UI\WINFRMCSNET472\WINFRMCSNET472.csproj", "{4FF21C42-BADF-4448-B3AA-1C6B1448E8BF}"
EndProject
Project("{FAE04EC0-301F-11D3-BF4B-00C04F79EFBC}") = "ASPWEBNET472", "SRC\1.UI\ASPWEBNET472\ASPWEBNET472.csproj", "{90B3AE97-C699-40AA-86CD-8B61B95AF399}"
EndProject
Global
	GlobalSection(SolutionConfigurationPlatforms) = preSolution
		Debug|Any CPU = Debug|Any CPU
		Release|Any CPU = Release|Any CPU
	EndGlobalSection
	GlobalSection(ProjectConfigurationPlatforms) = postSolution
		{191FE6BE-499C-4B3C-87A6-303B201712D5}.Debug|Any CPU.ActiveCfg = Debug|Any CPU
		{191FE6BE-499C-4B3C-87A6-303B201712D5}.Debug|Any CPU.Build.0 = Debug|Any CPU
		{191FE6BE-499C-4B3C-87A6-303B201712D5}.Release|Any CPU.ActiveCfg = Release|Any CPU
		{191FE6BE-499C-4B3C-87A6-303B201712D5}.Release|Any CPU.Build.0 = Release|Any CPU
		{A28A09D4-E694-4F20-B7EC-7F4137969667}.Debug|Any CPU.ActiveCfg = Debug|Any CPU
		{A28A09D4-E694-4F20-B7EC-7F4137969667}.Debug|Any CPU.Build.0 = Debug|Any CPU
		{A28A09D4-E694-4F20-B7EC-7F4137969667}.Release|Any CPU.ActiveCfg = Release|Any CPU
		{A28A09D4-E694-4F20-B7EC-7F4137969667}.Release|Any CPU.Build.0 = Release|Any CPU
		{B73376BE-FF25-480A-BB19-2DEE882EF18E}.Debug|Any CPU.ActiveCfg = Debug|Any CPU
		{B73376BE-FF25-480A-BB19-2DEE882EF18E}.Debug|Any CPU.Build.0 = Debug|Any CPU
		{B73376BE-FF25-480A-BB19-2DEE882EF18E}.Release|Any CPU.ActiveCfg = Release|Any CPU
		{B73376BE-FF25-480A-BB19-2DEE882EF18E}.Release|Any CPU.Build.0 = Release|Any CPU
		{4FF21C42-BADF-4448-B3AA-1C6B1448E8BF}.Debug|Any CPU.ActiveCfg = Debug|Any CPU
		{4FF21C42-BADF-4448-B3AA-1C6B1448E8BF}.Debug|Any CPU.Build.0 = Debug|Any CPU
		{4FF21C42-BADF-4448-B3AA-1C6B1448E8BF}.Release|Any CPU.ActiveCfg = Release|Any CPU
		{4FF21C42-BADF-4448-B3AA-1C6B1448E8BF}.Release|Any CPU.Build.0 = Release|Any CPU
		{90B3AE97-C699-40AA-86CD-8B61B95AF399}.Debug|Any CPU.ActiveCfg = Debug|Any CPU
		{90B3AE97-C699-40AA-86CD-8B61B95AF399}.Debug|Any CPU.Build.0 = Debug|Any CPU
		{90B3AE97-C699-40AA-86CD-8B61B95AF399}.Release|Any CPU.ActiveCfg = Release|Any CPU
		{90B3AE97-C699-40AA-86CD-8B61B95AF399}.Release|Any CPU.Build.0 = Release|Any CPU
	EndGlobalSection
	GlobalSection(SolutionProperties) = preSolution
		HideSolutionNode = FALSE
	EndGlobalSection
	GlobalSection(NestedProjects) = preSolution
		{191FE6BE-499C-4B3C-87A6-303B201712D5} = {9F195019-63D2-45DD-8DE9-55EFF3FBF8F1}
		{A28A09D4-E694-4F20-B7EC-7F4137969667} = {9F195019-63D2-45DD-8DE9-55EFF3FBF8F1}
		{B73376BE-FF25-480A-BB19-2DEE882EF18E} = {9F195019-63D2-45DD-8DE9-55EFF3FBF8F1}
		{4FF21C42-BADF-4448-B3AA-1C6B1448E8BF} = {9F195019-63D2-45DD-8DE9-55EFF3FBF8F1}
		{90B3AE97-C699-40AA-86CD-8B61B95AF399} = {9F195019-63D2-45DD-8DE9-55EFF3FBF8F1}
	EndGlobalSection
	GlobalSection(ExtensibilityGlobals) = postSolution
		SolutionGuid = {81C5DBB1-229F-4EA8-8C51-20C2125320C5}
	EndGlobalSection
EndGlobal
